{
  "lockfileVersion": 1,
  "configVersion": 1,
  "workspaces": {
    "": {
      "name": "absolutejs-secure-messaging-federation-example",
      "dependencies": {
        "@absolutejs/auth": "0.75.4",
        "@absolutejs/secure-messaging-federation": "0.1.0",
        "@absolutejs/secure-messaging-federation-delivery": "0.0.1",
        "@absolutejs/secure-messaging-federation-https": "0.0.3",
        "@absolutejs/secure-messaging-federation-mimi": "0.0.1",
        "@absolutejs/secure-messaging-federation-webcrypto": "0.0.1",
      },
      "devDependencies": {
        "@types/bun": "^1.3.14",
        "prettier": "^3.9.0",
        "typescript": "^5.9.0",
      },
    },
  },
  "packages": {
    "@absolutejs/auth": ["@absolutejs/auth@0.75.4", "", { "dependencies": { "@absolutejs/linked-providers": "0.0.6", "@absolutejs/manifest": "^0.10.0", "@neondatabase/serverless": "1.0.0", "@opentelemetry/api": "1.9.1", "@simplewebauthn/browser": "13.3.0", "citra": "0.29.13", "typebox": "^1.3.16" }, "peerDependencies": { "@node-saml/node-saml": ">=5.1.0 <6", "@simplewebauthn/server": ">=13.3.2 <14", "drizzle-orm": ">=1.0.0-rc.4 <2", "elysia": "^2.0.0-beta.6", "react": ">=18 <20", "solid-js": ">=1.9.14 <2", "svelte": ">=5.56.7 <6", "vue": ">=3.5.40 <4" }, "optionalPeers": ["@node-saml/node-saml", "@simplewebauthn/server", "react", "solid-js", "svelte", "vue"], "bin": { "absolute-auth": "dist/cli/migrate.js" } }, "sha512-jmS8Lvhb5TTx8Dv8ST66pqMBOHuxS/aXkvLY5J5kUYP29khMPX6Mjvqc5H5wpHM7TEgG5d0TUkqXHhCegBwqwg=="],

    "@absolutejs/e2ee": ["@absolutejs/e2ee@0.8.0", "", { "dependencies": { "@absolutejs/manifest": "^0.9.0", "@sinclair/typebox": "^0.34.0" } }, "sha512-POqferRMc0rfqsl2BItK+yFwc5118unC2FJYhDCf/lSt7C83uSzmrIhqGqSO3LXrgigR9KkC/2Pzw3Eur5RXOQ=="],

    "@absolutejs/linked-providers": ["@absolutejs/linked-providers@0.0.6", "", {}, "sha512-mk9vZLqUowxHo4dGuKjOU+MwI4/PxwlR9SehMdkivQv2QzoIYOO0vnIfPhc3TdNy+8YFQJggxk3UyErujrAu2A=="],

    "@absolutejs/manifest": ["@absolutejs/manifest@0.10.0", "", { "peerDependencies": { "typebox": ">=1.3.0 <2" }, "bin": { "absolute-manifest": "dist/cli.js" } }, "sha512-aBzi7PPFfEl51DdJfB2XXT5KHBiLlB0KeNHsU68XnfeqZmjOtFdxlcxYjbGep94sDTCgAbapNLCT+D4azDL5Eg=="],

    "@absolutejs/secure-messaging-federation": ["@absolutejs/secure-messaging-federation@0.1.0", "", { "dependencies": { "@absolutejs/manifest": "^0.9.0", "@sinclair/typebox": "^0.34.0" } }, "sha512-Yx/w8sxwE2fsn/w1hOT6S8ElpcB+VAiiKyZjFNC4eKkJ307Q3YMDx7An//lLR9txxFKHbN23UHLtMjnvJK5CVw=="],

    "@absolutejs/secure-messaging-federation-delivery": ["@absolutejs/secure-messaging-federation-delivery@0.0.1", "", { "dependencies": { "@absolutejs/manifest": "^0.9.0", "@sinclair/typebox": "^0.34.0" }, "peerDependencies": { "@absolutejs/e2ee": ">=0.8.0 <0.9", "@absolutejs/secure-messaging-federation": ">=0.1.0 <0.2" } }, "sha512-8VDsMHSWPuHgogUKOvF+Su+lquagmOWAgClD5+trkFmJLPnlO72CvDPCi4oWTYo/uS3EhVOWBh5vaJueZPdZZA=="],

    "@absolutejs/secure-messaging-federation-https": ["@absolutejs/secure-messaging-federation-https@0.0.3", "", { "dependencies": { "@absolutejs/manifest": "^0.9.0", "@sinclair/typebox": "^0.34.0" }, "peerDependencies": { "@absolutejs/secure-messaging-federation": ">=0.1.0 <0.2" } }, "sha512-VzF+f5y5ot+vwd28xmo03GFO+AaGLNN1h/Vc4j+C9qTFIQ86bUiVhGdKCuacLCKipELJa61K5Mvj2GRYTTsEWg=="],

    "@absolutejs/secure-messaging-federation-mimi": ["@absolutejs/secure-messaging-federation-mimi@0.0.1", "", { "dependencies": { "@absolutejs/manifest": "^0.9.0", "@sinclair/typebox": "^0.34.0" }, "peerDependencies": { "@absolutejs/secure-messaging-federation": ">=0.0.2 <0.1" } }, "sha512-lWZc9ytgkcEGeOKtxgijd+3ffwM3Uuux3AnxSsjMzNaMbeIvTjFW3lpe9P5+wr+yQ8vT9SkSBNFTIRYZmxu4GQ=="],

    "@absolutejs/secure-messaging-federation-webcrypto": ["@absolutejs/secure-messaging-federation-webcrypto@0.0.1", "", { "dependencies": { "@absolutejs/manifest": "^0.9.0", "@sinclair/typebox": "^0.34.0" }, "peerDependencies": { "@absolutejs/secure-messaging-federation": ">=0.0.2 <0.1" } }, "sha512-KomWPRoCn1ox2F9wHZExsncY5dCCCwMospVxGrEFUlfOIP4ViV3RHcFh6WVPNuFfsmVj4KSjoKPiDnNBcCbxGQ=="],

    "@neondatabase/serverless": ["@neondatabase/serverless@1.0.0", "", { "dependencies": { "@types/node": "^22.10.2", "@types/pg": "^8.8.0" } }, "sha512-XWmEeWpBXIoksZSDN74kftfTnXFEGZ3iX8jbANWBc+ag6dsiQuvuR4LgB0WdCOKMb5AQgjqgufc0TgAsZubUYw=="],

    "@opentelemetry/api": ["@opentelemetry/api@1.9.1", "", {}, "sha512-gLyJlPHPZYdAk1JENA9LeHejZe1Ti77/pTeFm/nMXmQH/HFZlcS/O2XJB+L8fkbrNSqhdtlvjBVjxwUYanNH5Q=="],

    "@simplewebauthn/browser": ["@simplewebauthn/browser@13.3.0", "", {}, "sha512-BE/UWv6FOToAdVk0EokzkqQQDOWtNydYlY6+OrmiZ5SCNmb41VehttboTetUM3T/fr6EAFYVXjz4My2wg230rQ=="],

    "@sinclair/typebox": ["@sinclair/typebox@0.34.52", "", {}, "sha512-XiMQh7qqVlxZzcVD+kkGMNGMzcTrDMLWI7S4x7z1MkCkbDPrekpZXEUK0eZqZFMuHQg2a2DZOcDIh9o5v3Gonw=="],

    "@types/bun": ["@types/bun@1.4.0", "", { "dependencies": { "bun-types": "1.4.0" } }, "sha512-K+lZULY23vRgK/CfTjFIV+tyifaNdSMlPh9j+6mQ/cLfpOznLyAuzgV/JQysyECpkBQLVMSyvjlr2fBUSA9wFQ=="],

    "@types/node": ["@types/node@26.4.0", "", { "dependencies": { "undici-types": "~8.3.0" } }, "sha512-faiGnoIrLH/V8cibOMEAZ8pMw6oXqSukl29ra4mN8GdaB2ZewzeaLj+INpV5N+Z1eKWzY+IzaIZH2EIR6YZRNQ=="],

    "@types/pg": ["@types/pg@8.23.1", "", { "dependencies": { "@types/node": "*", "pg-protocol": "*", "pg-types": "^2.2.0" } }, "sha512-fKVHpikPdg4GKks3JuLEhvwSyvwzF23hnabPy6DD8ljVbC7+6J5dQzdv4arV6jqq57djnMgs1HKBxX4P8aBI3A=="],

    "bun-types": ["bun-types@1.4.0", "", { "dependencies": { "@types/node": "*" } }, "sha512-iIKw23BspnQQYd3prITOBxeUsxBHnwzX6YJfGMuNOZzeNcMmVqzIIVGRm1l69ogaPQmb4wB6BN8mA5bE9YuC5Q=="],

    "citra": ["citra@0.29.13", "", {}, "sha512-i1D6sZYNq1rgBi4E28ec4a6eKaLvKFx2z0VWryqgDgoHeiB6TdcrYful50Z+97Akr8qLchCkZW1pWUmQcLobvw=="],

    "deuri": ["deuri@3.0.0", "", {}, "sha512-3rbQr245VesQGHyzUlWmpv3WihImbLT5NBe/mrgsgEvc7aWTYEpDhER8Z3RsdiDSYw1kxQo0kU9fpociUu77/w=="],

    "drizzle-orm": ["drizzle-orm@1.0.0-rc.5-ab785fc", "", { "peerDependencies": { "@aws-sdk/client-rds-data": ">=3", "@cloudflare/workers-types": ">=4", "@effect/sql-d1": ">=4.0.0-beta.105 || >=4.0.0", "@effect/sql-libsql": ">=4.0.0-beta.105 || >=4.0.0", "@effect/sql-mysql2": ">=4.0.0-beta.105 || >=4.0.0", "@effect/sql-pg": ">=4.0.0-beta.105 || >=4.0.0", "@effect/sql-pglite": ">=4.0.0-beta.105 || >=4.0.0", "@effect/sql-sqlite-bun": ">=4.0.0-beta.105 || >=4.0.0", "@effect/sql-sqlite-do": ">=4.0.0-beta.105 || >=4.0.0", "@effect/sql-sqlite-node": ">=4.0.0-beta.105 || >=4.0.0", "@effect/sql-sqlite-wasm": ">=4.0.0-beta.105 || >=4.0.0", "@electric-sql/pglite": ">=0.2.0", "@libsql/client": ">=0.10.0", "@libsql/client-wasm": ">=0.10.0", "@neondatabase/serverless": ">=0.10.0", "@op-engineering/op-sqlite": ">=17", "@opentelemetry/api": "^1.4.1", "@planetscale/database": ">=1.13", "@sinclair/typebox": ">=0.34.8", "@sqlitecloud/drivers": ">=1.0.653", "@tidbcloud/serverless": "*", "@tursodatabase/database": ">=0.7.1", "@tursodatabase/database-common": ">=0.7.1", "@tursodatabase/database-wasm": ">=0.7.1", "@tursodatabase/serverless": ">=1.4.0", "@tursodatabase/sync": ">=0.7.1", "@types/better-sqlite3": "*", "@types/mssql": "^9.1.4", "@types/pg": "*", "@types/sql.js": "*", "@upstash/redis": ">=1.34.7", "@vercel/postgres": ">=0.8.0", "@xata.io/client": "*", "arktype": ">=2.0.0", "better-sqlite3": ">=9.3.0", "bun-types": "*", "effect": ">=4.0.0-beta.105 || >=4.0.0", "expo-sqlite": ">=14.0.0", "minipg": ">=0.2.0", "mssql": "^11.0.1", "mysql2": ">=2", "pg": ">=8", "postgres": ">=3", "sql.js": ">=1", "sqlite3": ">=5", "typebox": ">=1.2.0", "valibot": ">=1.0.0-beta.7", "zod": "^3.25.0 || ^4.0.0" }, "optionalPeers": ["@aws-sdk/client-rds-data", "@cloudflare/workers-types", "@effect/sql-d1", "@effect/sql-libsql", "@effect/sql-mysql2", "@effect/sql-pg", "@effect/sql-pglite", "@effect/sql-sqlite-bun", "@effect/sql-sqlite-do", "@effect/sql-sqlite-node", "@effect/sql-sqlite-wasm", "@electric-sql/pglite", "@libsql/client", "@libsql/client-wasm", "@neondatabase/serverless", "@op-engineering/op-sqlite", "@opentelemetry/api", "@planetscale/database", "@sinclair/typebox", "@sqlitecloud/drivers", "@tidbcloud/serverless", "@tursodatabase/database", "@tursodatabase/database-common", "@tursodatabase/database-wasm", "@tursodatabase/serverless", "@tursodatabase/sync", "@types/better-sqlite3", "@types/mssql", "@types/pg", "@types/sql.js", "@upstash/redis", "@vercel/postgres", "@xata.io/client", "arktype", "better-sqlite3", "bun-types", "effect", "expo-sqlite", "minipg", "mssql", "mysql2", "pg", "postgres", "sql.js", "sqlite3", "typebox", "valibot", "zod"] }, "sha512-28PVt0PS/+4kPa8eKr4mqP8y/YcbdOgdVcGUa6LGl2Kd2bykNWuf/WUOFoSCoynagblbcRgMO1zChLvRcWD6Tg=="],

    "elysia": ["elysia@2.0.0-exp.64", "", { "dependencies": { "deuri": "^3.0.0", "memoirist": "1.2.2" }, "peerDependencies": { "@types/bun": ">= 1.3.0", "exact-mirror": ">= 1.2.2", "openapi-types": ">= 12.0.0", "typebox": ">= 1.3.0", "typescript": ">= 5.7.0" }, "optionalPeers": ["@types/bun", "openapi-types", "typescript"] }, "sha512-4rB6d5qajvrZQiorAAlTKPPdichCxaaxNupSqvPl7IXLPHw8oekls5DXKlPAbuz1tczOArrCG0s8WYp45AS+gg=="],

    "exact-mirror": ["exact-mirror@1.2.4", "", { "peerDependencies": { "typebox": ">= 1.1.0" }, "optionalPeers": ["typebox"] }, "sha512-lNLw824fkSqcHSxNIh8skA7gHO5X5Q8UUllXuRedtJCU8cJwKOT3XPQY8GfhveatFMO4nCK8+oEXsLGErMWC/Q=="],

    "memoirist": ["memoirist@1.2.2", "", {}, "sha512-d5b1l7vth7Iim1z4z+GHQtxs2sQvcsvDn928FdJW7dPFu3ChIb66xpaA/QF1VKKEiskScuB6RXramHpXF35ZEw=="],

    "pg-int8": ["pg-int8@1.0.1", "", {}, "sha512-WCtabS6t3c8SkpDBUlb1kjOs7l66xsGdKpIPZsg4wR+B3+u9UAum2odSsF9tnvxg80h4ZxLWMy4pRjOsFIqQpw=="],

    "pg-protocol": ["pg-protocol@1.16.0", "", {}, "sha512-sILXutLVjCLjcDuOmvhX5e2Z4cS5qG/6Bu3VkpFwdf/633ElGLpEh9bgmuI5I4sqKqkifQiGyiCcx1HdtrK7tg=="],

    "pg-types": ["pg-types@2.2.0", "", { "dependencies": { "pg-int8": "1.0.1", "postgres-array": "~2.0.0", "postgres-bytea": "~1.0.0", "postgres-date": "~1.0.4", "postgres-interval": "^1.1.0" } }, "sha512-qTAAlrEsl8s4OiEQY69wDvcMIdQN6wdz5ojQiOy6YRMuynxenON0O5oCpJI6lshc6scgAY8qvJ2On/p+CXY0GA=="],

    "postgres-array": ["postgres-array@2.0.0", "", {}, "sha512-VpZrUqU5A69eQyW2c5CA1jtLecCsN2U/bD6VilrFDWq5+5UIEVO7nazS3TEcHf1zuPYO/sqGvUvW62g86RXZuA=="],

    "postgres-bytea": ["postgres-bytea@1.0.1", "", {}, "sha512-5+5HqXnsZPE65IJZSMkZtURARZelel2oXUEO8rH83VS/hxH5vv1uHquPg5wZs8yMAfdv971IU+kcPUczi7NVBQ=="],

    "postgres-date": ["postgres-date@1.0.7", "", {}, "sha512-suDmjLVQg78nMK2UZ454hAG+OAW+HQPZ6n++TNDUX+L0+uUlLywnoxJKDou51Zm+zTCjrCl0Nq6J9C5hP9vK/Q=="],

    "postgres-interval": ["postgres-interval@1.2.0", "", { "dependencies": { "xtend": "^4.0.0" } }, "sha512-9ZhXKM/rw350N1ovuWHbGxnGh/SNJ4cnxHiM0rxE4VN41wsg8P8zWn9hv/buK00RP4WvlOyr/RBDiptyxVbkZQ=="],

    "prettier": ["prettier@3.9.6", "", { "bin": { "prettier": "bin/prettier.cjs" } }, "sha512-OpN0zzVdiaiAhxpuuj5efpIS4sY9j7bY6uR5mnj5yPzGkdkjNKSJeUThPb60Jw29QuAZgA4o+/iB49kFiaBX6g=="],

    "typebox": ["typebox@1.3.19", "", {}, "sha512-OGhGi3JkTMol9QW8Bc6tgSD4ghV8v5WubAi1XeYnlxdocHvgS7TQJ8FcFZrQhVhigQU0z7bRFAEsZ+wpkRdCfg=="],

    "typescript": ["typescript@5.9.3", "", { "bin": { "tsc": "bin/tsc", "tsserver": "bin/tsserver" } }, "sha512-jl1vZzPDinLr9eUt3J/t7V6FgNEw9QjvBPdysz9KfQDD41fQrC2Y4vKQdiaUpFT4bXlb1RHhLpp8wtm6M5TgSw=="],

    "undici-types": ["undici-types@8.3.0", "", {}, "sha512-j375ScV60dom+YkPFIfTLcOiPxkN/buHz5GobjLhixFuANaNs3C9l4GmrWqejgXWJ7BbJcFYpTEUkS1Ge8bpZQ=="],

    "xtend": ["xtend@4.0.2", "", {}, "sha512-LKYU1iAXJXUgAXn9URjiu+MWhyUXHsvfp7mcuYm9dSUKK0/CjtrUwFAxD82/mCWbtLsGjFIad0wIsod4zrTAEQ=="],

    "@absolutejs/e2ee/@absolutejs/manifest": ["@absolutejs/manifest@0.9.0", "", { "peerDependencies": { "@sinclair/typebox": ">=0.34.0 <0.35.0" }, "bin": { "absolute-manifest": "dist/cli.js" } }, "sha512-naNDdwNoWQgJ3HuFbAu1UcOVR7SGpLBJz/seO8MMX32vrxk6esgzY7OB1CL8YDOegtI/EqQfcvnulnP66A9aGg=="],

    "@absolutejs/secure-messaging-federation/@absolutejs/manifest": ["@absolutejs/manifest@0.9.0", "", { "peerDependencies": { "@sinclair/typebox": ">=0.34.0 <0.35.0" }, "bin": { "absolute-manifest": "dist/cli.js" } }, "sha512-naNDdwNoWQgJ3HuFbAu1UcOVR7SGpLBJz/seO8MMX32vrxk6esgzY7OB1CL8YDOegtI/EqQfcvnulnP66A9aGg=="],

    "@absolutejs/secure-messaging-federation-delivery/@absolutejs/manifest": ["@absolutejs/manifest@0.9.0", "", { "peerDependencies": { "@sinclair/typebox": ">=0.34.0 <0.35.0" }, "bin": { "absolute-manifest": "dist/cli.js" } }, "sha512-naNDdwNoWQgJ3HuFbAu1UcOVR7SGpLBJz/seO8MMX32vrxk6esgzY7OB1CL8YDOegtI/EqQfcvnulnP66A9aGg=="],

    "@absolutejs/secure-messaging-federation-https/@absolutejs/manifest": ["@absolutejs/manifest@0.9.0", "", { "peerDependencies": { "@sinclair/typebox": ">=0.34.0 <0.35.0" }, "bin": { "absolute-manifest": "dist/cli.js" } }, "sha512-naNDdwNoWQgJ3HuFbAu1UcOVR7SGpLBJz/seO8MMX32vrxk6esgzY7OB1CL8YDOegtI/EqQfcvnulnP66A9aGg=="],

    "@absolutejs/secure-messaging-federation-mimi/@absolutejs/manifest": ["@absolutejs/manifest@0.9.0", "", { "peerDependencies": { "@sinclair/typebox": ">=0.34.0 <0.35.0" }, "bin": { "absolute-manifest": "dist/cli.js" } }, "sha512-naNDdwNoWQgJ3HuFbAu1UcOVR7SGpLBJz/seO8MMX32vrxk6esgzY7OB1CL8YDOegtI/EqQfcvnulnP66A9aGg=="],

    "@absolutejs/secure-messaging-federation-webcrypto/@absolutejs/manifest": ["@absolutejs/manifest@0.9.0", "", { "peerDependencies": { "@sinclair/typebox": ">=0.34.0 <0.35.0" }, "bin": { "absolute-manifest": "dist/cli.js" } }, "sha512-naNDdwNoWQgJ3HuFbAu1UcOVR7SGpLBJz/seO8MMX32vrxk6esgzY7OB1CL8YDOegtI/EqQfcvnulnP66A9aGg=="],

    "@neondatabase/serverless/@types/node": ["@types/node@22.20.1", "", { "dependencies": { "undici-types": "~6.21.0" } }, "sha512-EANqOCF9QFyra+4pfxUcX9STKJpCLjMbObVzljIJomAWSnuSIEAvyzEU53GaajbXJEgdh0iEcPL+DGvpUd4k1Q=="],

    "@neondatabase/serverless/@types/node/undici-types": ["undici-types@6.21.0", "", {}, "sha512-iwDZqg0QAGrg9Rav5H4n0M64c3mkR59cJ6wQp+7C4nI0gsmExaedaYLNO44eT4AtBBwjbTiGPMlt2Md0T9H9JQ=="],
  }
}
